
Microsoft Visual Studio Solution File, Format Version 12.00
# Visual Studio Version 17
VisualStudioVersion = 17.0.32112.339
MinimumVisualStudioVersion = 10.0.40219.1
Project("{FAE04EC0-301F-11D3-BF4B-00C04F79EFBC}") = "IdeasAndInvestors", "IdeasAndInvestors\IdeasAndInvestors.csproj", "{7F7F01B3-5CA7-4F39-AC78-342643F147CF}"
EndProject
Global
	GlobalSection(SolutionConfigurationPlatforms) = preSolution
		Debug|Any CPU = Debug|Any CPU
		Release|Any CPU = Release|Any CPU
	EndGlobalSection
	GlobalSection(ProjectConfigurationPlatforms) = postSolution
		{7F7F01B3-5CA7-4F39-AC78-342643F147CF}.Debug|Any CPU.ActiveCfg = Debug|Any CPU
		{7F7F01B3-5CA7-4F39-AC78-342643F147CF}.Debug|Any CPU.Build.0 = Debug|Any CPU
		{7F7F01B3-5CA7-4F39-AC78-342643F147CF}.Release|Any CPU.ActiveCfg = Release|Any CPU
		{7F7F01B3-5CA7-4F39-AC78-342643F147CF}.Release|Any CPU.Build.0 = Release|Any CPU
	EndGlobalSection
	GlobalSection(SolutionProperties) = preSolution
		HideSolutionNode = FALSE
	EndGlobalSection
	GlobalSection(ExtensibilityGlobals) = postSolution
		SolutionGuid = {14D9B2F2-AC03-4056-A008-D7B3D2D6A405}
	EndGlobalSection
EndGlobal
